
Microsoft Visual Studio Solution File, Format Version 12.00
# Visual Studio 15
Project("{FAE04EC0-301F-11D3-BF4B-00C04F79EFBC}") = "Assembly-CSharp", "Assembly-CSharp.csproj", "{403395CB-EC0F-28CF-CAB1-85415C7000BA}"
EndProject
Project("{FAE04EC0-301F-11D3-BF4B-00C04F79EFBC}") = "Assembly-CSharp-Editor", "Assembly-CSharp-Editor.csproj", "{BE322A0D-B3C9-8C64-43E2-FB40F7FBCBB1}"
EndProject
Global
	GlobalSection(SolutionConfigurationPlatforms) = preSolution
		Debug|Any CPU = Debug|Any CPU
		Release|Any CPU = Release|Any CPU
	EndGlobalSection
	GlobalSection(ProjectConfigurationPlatforms) = postSolution
		{403395CB-EC0F-28CF-CAB1-85415C7000BA}.Debug|Any CPU.ActiveCfg = Debug|Any CPU
		{403395CB-EC0F-28CF-CAB1-85415C7000BA}.Debug|Any CPU.Build.0 = Debug|Any CPU
		{403395CB-EC0F-28CF-CAB1-85415C7000BA}.Release|Any CPU.ActiveCfg = Release|Any CPU
		{403395CB-EC0F-28CF-CAB1-85415C7000BA}.Release|Any CPU.Build.0 = Release|Any CPU
		{BE322A0D-B3C9-8C64-43E2-FB40F7FBCBB1}.Debug|Any CPU.ActiveCfg = Debug|Any CPU
		{BE322A0D-B3C9-8C64-43E2-FB40F7FBCBB1}.Debug|Any CPU.Build.0 = Debug|Any CPU
		{BE322A0D-B3C9-8C64-43E2-FB40F7FBCBB1}.Release|Any CPU.ActiveCfg = Release|Any CPU
		{BE322A0D-B3C9-8C64-43E2-FB40F7FBCBB1}.Release|Any CPU.Build.0 = Release|Any CPU
	EndGlobalSection
	GlobalSection(SolutionProperties) = preSolution
		HideSolutionNode = FALSE
	EndGlobalSection
EndGlobal
